// !$*UTF8*$!
{
	archiveVersion = 1;
	classes = {
	};
	objectVersion = 46;
	objects = {

/* Begin PBXBuildFile section */
		635B19D823E8B63B002C4480 /* FullImageAnimation.swift in Sources */ = {isa = PBXBuildFile; fileRef = 635B19D723E8B63B002C4480 /* FullImageAnimation.swift */; };
		63AB443B23C325CA00B20EDD /* UIViewController.swift in Sources */ = {isa = PBXBuildFile; fileRef = 63AB443A23C325CA00B20EDD /* UIViewController.swift */; };
		63ACA35023C1FAA60029372D /* CustomAlert.swift in Sources */ = {isa = PBXBuildFile; fileRef = 63ACA34F23C1FAA60029372D /* CustomAlert.swift */; };
		63BECDB623C51F1D00B4C0B0 /* Operators.swift in Sources */ = {isa = PBXBuildFile; fileRef = 63BECDB523C51F1D00B4C0B0 /* Operators.swift */; };
		63D91CDC23BDDED100F1CDE4 /* MosaicLayout.swift in Sources */ = {isa = PBXBuildFile; fileRef = 63D91CDB23BDDED100F1CDE4 /* MosaicLayout.swift */; };
		63D91CDE23BDDEDC00F1CDE4 /* Parser.swift in Sources */ = {isa = PBXBuildFile; fileRef = 63D91CDD23BDDEDC00F1CDE4 /* Parser.swift */; };
		63D91CE323BDDEEC00F1CDE4 /* Date.swift in Sources */ = {isa = PBXBuildFile; fileRef = 63D91CDF23BDDEEC00F1CDE4 /* Date.swift */; };
		63D91CE523BDDEEC00F1CDE4 /* GradientView.swift in Sources */ = {isa = PBXBuildFile; fileRef = 63D91CE123BDDEEC00F1CDE4 /* GradientView.swift */; };
		63D91CE623BDDEEC00F1CDE4 /* String.swift in Sources */ = {isa = PBXBuildFile; fileRef = 63D91CE223BDDEEC00F1CDE4 /* String.swift */; };
		63D91CE923BDDEF900F1CDE4 /* FlickrObject.swift in Sources */ = {isa = PBXBuildFile; fileRef = 63D91CE723BDDEF900F1CDE4 /* FlickrObject.swift */; };
		63D91CEA23BDDEF900F1CDE4 /* ApiManager.swift in Sources */ = {isa = PBXBuildFile; fileRef = 63D91CE823BDDEF900F1CDE4 /* ApiManager.swift */; };
		63D91CEF23BDDF0B00F1CDE4 /* HomeFeed.swift in Sources */ = {isa = PBXBuildFile; fileRef = 63D91CEB23BDDF0B00F1CDE4 /* HomeFeed.swift */; };
		63D91CF023BDDF0B00F1CDE4 /* SearchFeed.swift in Sources */ = {isa = PBXBuildFile; fileRef = 63D91CEC23BDDF0B00F1CDE4 /* SearchFeed.swift */; };
		63D91CF123BDDF0B00F1CDE4 /* HomeFeedElement.swift in Sources */ = {isa = PBXBuildFile; fileRef = 63D91CED23BDDF0B00F1CDE4 /* HomeFeedElement.swift */; };
		63D91CF223BDDF0B00F1CDE4 /* SearchElement.swift in Sources */ = {isa = PBXBuildFile; fileRef = 63D91CEE23BDDF0B00F1CDE4 /* SearchElement.swift */; };
		63D91CF723BDDF1800F1CDE4 /* DetailsViewController.swift in Sources */ = {isa = PBXBuildFile; fileRef = 63D91CF323BDDF1800F1CDE4 /* DetailsViewController.swift */; };
		63D91CF823BDDF1800F1CDE4 /* FeedViewController.swift in Sources */ = {isa = PBXBuildFile; fileRef = 63D91CF423BDDF1800F1CDE4 /* FeedViewController.swift */; };
		63D91CF923BDDF1800F1CDE4 /* FullImageViewController.swift in Sources */ = {isa = PBXBuildFile; fileRef = 63D91CF523BDDF1800F1CDE4 /* FullImageViewController.swift */; };
		63D91CFA23BDDF1800F1CDE4 /* SearchViewController.swift in Sources */ = {isa = PBXBuildFile; fileRef = 63D91CF623BDDF1800F1CDE4 /* SearchViewController.swift */; };
		63D91CFD23BDDF2400F1CDE4 /* FeedCollectionViewCell.swift in Sources */ = {isa = PBXBuildFile; fileRef = 63D91CFB23BDDF2400F1CDE4 /* FeedCollectionViewCell.swift */; };
		63D91CFE23BDDF2400F1CDE4 /* SearchCollectionViewCell.swift in Sources */ = {isa = PBXBuildFile; fileRef = 63D91CFC23BDDF2400F1CDE4 /* SearchCollectionViewCell.swift */; };
		63D91D0423BF6C3A00F1CDE4 /* CustomError.swift in Sources */ = {isa = PBXBuildFile; fileRef = 63D91D0323BF6C3A00F1CDE4 /* CustomError.swift */; };
		63D91D0623C0B8F700F1CDE4 /* URL.swift in Sources */ = {isa = PBXBuildFile; fileRef = 63D91D0523C0B8F700F1CDE4 /* URL.swift */; };
		63EAC52123DE69FC00D20162 /* CustomImageView.framework in Frameworks */ = {isa = PBXBuildFile; fileRef = 63EAC52023DE69F600D20162 /* CustomImageView.framework */; };
		63EAC52223DE69FC00D20162 /* CustomImageView.framework in Embed Frameworks */ = {isa = PBXBuildFile; fileRef = 63EAC52023DE69F600D20162 /* CustomImageView.framework */; settings = {ATTRIBUTES = (CodeSignOnCopy, RemoveHeadersOnCopy, ); }; };
		F20EB6521F98925F00AD2D77 /* AppDelegate.swift in Sources */ = {isa = PBXBuildFile; fileRef = F20EB6511F98925F00AD2D77 /* AppDelegate.swift */; };
		F20EB6571F98925F00AD2D77 /* Main.storyboard in Resources */ = {isa = PBXBuildFile; fileRef = F20EB6551F98925F00AD2D77 /* Main.storyboard */; };
		F20EB6591F98925F00AD2D77 /* Assets.xcassets in Resources */ = {isa = PBXBuildFile; fileRef = F20EB6581F98925F00AD2D77 /* Assets.xcassets */; };
		F20EB65C1F98925F00AD2D77 /* LaunchScreen.storyboard in Resources */ = {isa = PBXBuildFile; fileRef = F20EB65A1F98925F00AD2D77 /* LaunchScreen.storyboard */; };
/* End PBXBuildFile section */

/* Begin PBXContainerItemProxy section */
		63EAC51F23DE69F600D20162 /* PBXContainerItemProxy */ = {
			isa = PBXContainerItemProxy;
			containerPortal = 63EAC51B23DE69F600D20162 /* CustomImageView.xcodeproj */;
			proxyType = 2;
			remoteGlobalIDString = 63DF508723D09ADD009486D5;
			remoteInfo = CustomImageView;
		};
/* End PBXContainerItemProxy section */

/* Begin PBXCopyFilesBuildPhase section */
		6389DF4523D7AE3B008EE965 /* Embed Frameworks */ = {
			isa = PBXCopyFilesBuildPhase;
			buildActionMask = 2147483647;
			dstPath = "";
			dstSubfolderSpec = 10;
			files = (
				63EAC52223DE69FC00D20162 /* CustomImageView.framework in Embed Frameworks */,
			);
			name = "Embed Frameworks";
			runOnlyForDeploymentPostprocessing = 0;
		};
/* End PBXCopyFilesBuildPhase section */

/* Begin PBXFileReference section */
		635B19D723E8B63B002C4480 /* FullImageAnimation.swift */ = {isa = PBXFileReference; lastKnownFileType = sourcecode.swift; path = FullImageAnimation.swift; sourceTree = "<group>"; };
		63AB443A23C325CA00B20EDD /* UIViewController.swift */ = {isa = PBXFileReference; lastKnownFileType = sourcecode.swift; path = UIViewController.swift; sourceTree = "<group>"; };
		63ACA34F23C1FAA60029372D /* CustomAlert.swift */ = {isa = PBXFileReference; lastKnownFileType = sourcecode.swift; path = CustomAlert.swift; sourceTree = "<group>"; };
		63BECDB523C51F1D00B4C0B0 /* Operators.swift */ = {isa = PBXFileReference; lastKnownFileType = sourcecode.swift; path = Operators.swift; sourceTree = "<group>"; };
		63D91CDB23BDDED100F1CDE4 /* MosaicLayout.swift */ = {isa = PBXFileReference; fileEncoding = 4; lastKnownFileType = sourcecode.swift; path = MosaicLayout.swift; sourceTree = "<group>"; };
		63D91CDD23BDDEDC00F1CDE4 /* Parser.swift */ = {isa = PBXFileReference; fileEncoding = 4; lastKnownFileType = sourcecode.swift; path = Parser.swift; sourceTree = "<group>"; };
		63D91CDF23BDDEEC00F1CDE4 /* Date.swift */ = {isa = PBXFileReference; fileEncoding = 4; lastKnownFileType = sourcecode.swift; path = Date.swift; sourceTree = "<group>"; };
		63D91CE123BDDEEC00F1CDE4 /* GradientView.swift */ = {isa = PBXFileReference; fileEncoding = 4; lastKnownFileType = sourcecode.swift; path = GradientView.swift; sourceTree = "<group>"; };
		63D91CE223BDDEEC00F1CDE4 /* String.swift */ = {isa = PBXFileReference; fileEncoding = 4; lastKnownFileType = sourcecode.swift; path = String.swift; sourceTree = "<group>"; };
		63D91CE723BDDEF900F1CDE4 /* FlickrObject.swift */ = {isa = PBXFileReference; fileEncoding = 4; lastKnownFileType = sourcecode.swift; path = FlickrObject.swift; sourceTree = "<group>"; };
		63D91CE823BDDEF900F1CDE4 /* ApiManager.swift */ = {isa = PBXFileReference; fileEncoding = 4; lastKnownFileType = sourcecode.swift; path = ApiManager.swift; sourceTree = "<group>"; };
		63D91CEB23BDDF0B00F1CDE4 /* HomeFeed.swift */ = {isa = PBXFileReference; fileEncoding = 4; lastKnownFileType = sourcecode.swift; path = HomeFeed.swift; sourceTree = "<group>"; };
		63D91CEC23BDDF0B00F1CDE4 /* SearchFeed.swift */ = {isa = PBXFileReference; fileEncoding = 4; lastKnownFileType = sourcecode.swift; path = SearchFeed.swift; sourceTree = "<group>"; };
		63D91CED23BDDF0B00F1CDE4 /* HomeFeedElement.swift */ = {isa = PBXFileReference; fileEncoding = 4; lastKnownFileType = sourcecode.swift; path = HomeFeedElement.swift; sourceTree = "<group>"; };
		63D91CEE23BDDF0B00F1CDE4 /* SearchElement.swift */ = {isa = PBXFileReference; fileEncoding = 4; lastKnownFileType = sourcecode.swift; path = SearchElement.swift; sourceTree = "<group>"; };
		63D91CF323BDDF1800F1CDE4 /* DetailsViewController.swift */ = {isa = PBXFileReference; fileEncoding = 4; lastKnownFileType = sourcecode.swift; path = DetailsViewController.swift; sourceTree = "<group>"; };
		63D91CF423BDDF1800F1CDE4 /* FeedViewController.swift */ = {isa = PBXFileReference; fileEncoding = 4; lastKnownFileType = sourcecode.swift; path = FeedViewController.swift; sourceTree = "<group>"; };
		63D91CF523BDDF1800F1CDE4 /* FullImageViewController.swift */ = {isa = PBXFileReference; fileEncoding = 4; lastKnownFileType = sourcecode.swift; path = FullImageViewController.swift; sourceTree = "<group>"; };
		63D91CF623BDDF1800F1CDE4 /* SearchViewController.swift */ = {isa = PBXFileReference; fileEncoding = 4; lastKnownFileType = sourcecode.swift; path = SearchViewController.swift; sourceTree = "<group>"; };
		63D91CFB23BDDF2400F1CDE4 /* FeedCollectionViewCell.swift */ = {isa = PBXFileReference; fileEncoding = 4; lastKnownFileType = sourcecode.swift; path = FeedCollectionViewCell.swift; sourceTree = "<group>"; };
		63D91CFC23BDDF2400F1CDE4 /* SearchCollectionViewCell.swift */ = {isa = PBXFileReference; fileEncoding = 4; lastKnownFileType = sourcecode.swift; path = SearchCollectionViewCell.swift; sourceTree = "<group>"; };
		63D91D0323BF6C3A00F1CDE4 /* CustomError.swift */ = {isa = PBXFileReference; lastKnownFileType = sourcecode.swift; path = CustomError.swift; sourceTree = "<group>"; };
		63D91D0523C0B8F700F1CDE4 /* URL.swift */ = {isa = PBXFileReference; lastKnownFileType = sourcecode.swift; path = URL.swift; sourceTree = "<group>"; };
		63EAC51B23DE69F600D20162 /* CustomImageView.xcodeproj */ = {isa = PBXFileReference; lastKnownFileType = "wrapper.pb-project"; name = CustomImageView.xcodeproj; path = ../CustomImageView/CustomImageView.xcodeproj; sourceTree = "<group>"; };
		F20EB64E1F98925F00AD2D77 /* Flickr.app */ = {isa = PBXFileReference; explicitFileType = wrapper.application; includeInIndex = 0; path = Flickr.app; sourceTree = BUILT_PRODUCTS_DIR; };
		F20EB6511F98925F00AD2D77 /* AppDelegate.swift */ = {isa = PBXFileReference; lastKnownFileType = sourcecode.swift; path = AppDelegate.swift; sourceTree = "<group>"; };
		F20EB6561F98925F00AD2D77 /* Base */ = {isa = PBXFileReference; lastKnownFileType = file.storyboard; name = Base; path = Base.lproj/Main.storyboard; sourceTree = "<group>"; };
		F20EB6581F98925F00AD2D77 /* Assets.xcassets */ = {isa = PBXFileReference; lastKnownFileType = folder.assetcatalog; path = Assets.xcassets; sourceTree = "<group>"; };
		F20EB65B1F98925F00AD2D77 /* Base */ = {isa = PBXFileReference; lastKnownFileType = file.storyboard; name = Base; path = Base.lproj/LaunchScreen.storyboard; sourceTree = "<group>"; };
		F20EB65D1F98925F00AD2D77 /* Info.plist */ = {isa = PBXFileReference; lastKnownFileType = text.plist.xml; path = Info.plist; sourceTree = "<group>"; };
/* End PBXFileReference section */

/* Begin PBXFrameworksBuildPhase section */
		F20EB64B1F98925F00AD2D77 /* Frameworks */ = {
			isa = PBXFrameworksBuildPhase;
			buildActionMask = 2147483647;
			files = (
				63EAC52123DE69FC00D20162 /* CustomImageView.framework in Frameworks */,
			);
			runOnlyForDeploymentPostprocessing = 0;
		};
/* End PBXFrameworksBuildPhase section */

/* Begin PBXGroup section */
		635B19D523E8B61B002C4480 /* Animations */ = {
			isa = PBXGroup;
			children = (
				635B19D723E8B63B002C4480 /* FullImageAnimation.swift */,
			);
			path = Animations;
			sourceTree = "<group>";
		};
		63AB443E23C32E9D00B20EDD /* Helpers */ = {
			isa = PBXGroup;
			children = (
				F20EB6721F98C74B00AD2D77 /* ApiManager */,
				F20EB6771F98C77100AD2D77 /* Extensions */,
				F20EB67E1F98C78B00AD2D77 /* Others */,
			);
			path = Helpers;
			sourceTree = "<group>";
		};
		63AB443F23C32ECB00B20EDD /* HomeFeed */ = {
			isa = PBXGroup;
			children = (
				63D91CED23BDDF0B00F1CDE4 /* HomeFeedElement.swift */,
				63D91CEB23BDDF0B00F1CDE4 /* HomeFeed.swift */,
			);
			path = HomeFeed;
			sourceTree = "<group>";
		};
		63AB444023C32ED900B20EDD /* SearchFeed */ = {
			isa = PBXGroup;
			children = (
				63D91CEE23BDDF0B00F1CDE4 /* SearchElement.swift */,
				63D91CEC23BDDF0B00F1CDE4 /* SearchFeed.swift */,
			);
			path = SearchFeed;
			sourceTree = "<group>";
		};
		63CD5E6523D5D95100619E21 /* Frameworks */ = {
			isa = PBXGroup;
			children = (
			);
			name = Frameworks;
			sourceTree = "<group>";
		};
		63EAC51C23DE69F600D20162 /* Products */ = {
			isa = PBXGroup;
			children = (
				63EAC52023DE69F600D20162 /* CustomImageView.framework */,
			);
			name = Products;
			sourceTree = "<group>";
		};
		F20EB6451F98925F00AD2D77 = {
			isa = PBXGroup;
			children = (
				63EAC51B23DE69F600D20162 /* CustomImageView.xcodeproj */,
				F20EB6501F98925F00AD2D77 /* Flickr */,
				F20EB64F1F98925F00AD2D77 /* Products */,
				63CD5E6523D5D95100619E21 /* Frameworks */,
			);
			sourceTree = "<group>";
		};
		F20EB64F1F98925F00AD2D77 /* Products */ = {
			isa = PBXGroup;
			children = (
				F20EB64E1F98925F00AD2D77 /* Flickr.app */,
			);
			name = Products;
			sourceTree = "<group>";
		};
		F20EB6501F98925F00AD2D77 /* Flickr */ = {
			isa = PBXGroup;
			children = (
				635B19D523E8B61B002C4480 /* Animations */,
				63AB443E23C32E9D00B20EDD /* Helpers */,
				F20EB6831F98C7FD00AD2D77 /* Layouts */,
				F20EB6641F98931B00AD2D77 /* Models */,
				F20EB6631F98931000AD2D77 /* ViewControllers */,
				F20EB6691F98C5F800AD2D77 /* Views */,
				F20EB6511F98925F00AD2D77 /* AppDelegate.swift */,
				F20EB6551F98925F00AD2D77 /* Main.storyboard */,
				F20EB6581F98925F00AD2D77 /* Assets.xcassets */,
				F20EB65A1F98925F00AD2D77 /* LaunchScreen.storyboard */,
				F20EB65D1F98925F00AD2D77 /* Info.plist */,
			);
			path = Flickr;
			sourceTree = "<group>";
		};
		F20EB6631F98931000AD2D77 /* ViewControllers */ = {
			isa = PBXGroup;
			children = (
				63D91CF323BDDF1800F1CDE4 /* DetailsViewController.swift */,
				63D91CF523BDDF1800F1CDE4 /* FullImageViewController.swift */,
				63D91CF423BDDF1800F1CDE4 /* FeedViewController.swift */,
				63D91CF623BDDF1800F1CDE4 /* SearchViewController.swift */,
			);
			path = ViewControllers;
			sourceTree = "<group>";
		};
		F20EB6641F98931B00AD2D77 /* Models */ = {
			isa = PBXGroup;
			children = (
				63AB444023C32ED900B20EDD /* SearchFeed */,
				63AB443F23C32ECB00B20EDD /* HomeFeed */,
			);
			path = Models;
			sourceTree = "<group>";
		};
		F20EB6691F98C5F800AD2D77 /* Views */ = {
			isa = PBXGroup;
			children = (
				63D91CFB23BDDF2400F1CDE4 /* FeedCollectionViewCell.swift */,
				63D91CFC23BDDF2400F1CDE4 /* SearchCollectionViewCell.swift */,
			);
			path = Views;
			sourceTree = "<group>";
		};
		F20EB6721F98C74B00AD2D77 /* ApiManager */ = {
			isa = PBXGroup;
			children = (
				63D91CE823BDDEF900F1CDE4 /* ApiManager.swift */,
				63D91CE723BDDEF900F1CDE4 /* FlickrObject.swift */,
			);
			path = ApiManager;
			sourceTree = "<group>";
		};
		F20EB6771F98C77100AD2D77 /* Extensions */ = {
			isa = PBXGroup;
			children = (
				63D91CDF23BDDEEC00F1CDE4 /* Date.swift */,
				63D91CE123BDDEEC00F1CDE4 /* GradientView.swift */,
				63D91CE223BDDEEC00F1CDE4 /* String.swift */,
				63D91D0523C0B8F700F1CDE4 /* URL.swift */,
				63AB443A23C325CA00B20EDD /* UIViewController.swift */,
				63BECDB523C51F1D00B4C0B0 /* Operators.swift */,
			);
			path = Extensions;
			sourceTree = "<group>";
		};
		F20EB67E1F98C78B00AD2D77 /* Others */ = {
			isa = PBXGroup;
			children = (
				63D91CDD23BDDEDC00F1CDE4 /* Parser.swift */,
				63D91D0323BF6C3A00F1CDE4 /* CustomError.swift */,
				63ACA34F23C1FAA60029372D /* CustomAlert.swift */,
			);
			path = Others;
			sourceTree = "<group>";
		};
		F20EB6831F98C7FD00AD2D77 /* Layouts */ = {
			isa = PBXGroup;
			children = (
				63D91CDB23BDDED100F1CDE4 /* MosaicLayout.swift */,
			);
			path = Layouts;
			sourceTree = "<group>";
		};
/* End PBXGroup section */

/* Begin PBXNativeTarget section */
		F20EB64D1F98925F00AD2D77 /* Flickr */ = {
			isa = PBXNativeTarget;
			buildConfigurationList = F20EB6601F98925F00AD2D77 /* Build configuration list for PBXNativeTarget "Flickr" */;
			buildPhases = (
				F20EB64A1F98925F00AD2D77 /* Sources */,
				F20EB64B1F98925F00AD2D77 /* Frameworks */,
				F20EB64C1F98925F00AD2D77 /* Resources */,
				6389DF4523D7AE3B008EE965 /* Embed Frameworks */,
			);
			buildRules = (
			);
			dependencies = (
			);
			name = Flickr;
			productName = Flickr;
			productReference = F20EB64E1F98925F00AD2D77 /* Flickr.app */;
			productType = "com.apple.product-type.application";
		};
/* End PBXNativeTarget section */

/* Begin PBXProject section */
		F20EB6461F98925F00AD2D77 /* Project object */ = {
			isa = PBXProject;
			attributes = {
				LastSwiftUpdateCheck = 0830;
				LastUpgradeCheck = 1020;
				ORGANIZATIONNAME = "Kautsya Kanu";
				TargetAttributes = {
					F20EB64D1F98925F00AD2D77 = {
						CreatedOnToolsVersion = 8.3.3;
						DevelopmentTeam = A8UX99CMMW;
						ProvisioningStyle = Automatic;
					};
				};
			};
			buildConfigurationList = F20EB6491F98925F00AD2D77 /* Build configuration list for PBXProject "Flickr" */;
			compatibilityVersion = "Xcode 3.2";
			developmentRegion = en;
			hasScannedForEncodings = 0;
			knownRegions = (
				en,
				Base,
			);
			mainGroup = F20EB6451F98925F00AD2D77;
			productRefGroup = F20EB64F1F98925F00AD2D77 /* Products */;
			projectDirPath = "";
			projectReferences = (
				{
					ProductGroup = 63EAC51C23DE69F600D20162 /* Products */;
					ProjectRef = 63EAC51B23DE69F600D20162 /* CustomImageView.xcodeproj */;
				},
			);
			projectRoot = "";
			targets = (
				F20EB64D1F98925F00AD2D77 /* Flickr */,
			);
		};
/* End PBXProject section */

/* Begin PBXReferenceProxy section */
		63EAC52023DE69F600D20162 /* CustomImageView.framework */ = {
			isa = PBXReferenceProxy;
			fileType = wrapper.framework;
			path = CustomImageView.framework;
			remoteRef = 63EAC51F23DE69F600D20162 /* PBXContainerItemProxy */;
			sourceTree = BUILT_PRODUCTS_DIR;
		};
/* End PBXReferenceProxy section */

/* Begin PBXResourcesBuildPhase section */
		F20EB64C1F98925F00AD2D77 /* Resources */ = {
			isa = PBXResourcesBuildPhase;
			buildActionMask = 2147483647;
			files = (
				F20EB65C1F98925F00AD2D77 /* LaunchScreen.storyboard in Resources */,
				F20EB6591F98925F00AD2D77 /* Assets.xcassets in Resources */,
				F20EB6571F98925F00AD2D77 /* Main.storyboard in Resources */,
			);
			runOnlyForDeploymentPostprocessing = 0;
		};
/* End PBXResourcesBuildPhase section */

/* Begin PBXSourcesBuildPhase section */
		F20EB64A1F98925F00AD2D77 /* Sources */ = {
			isa = PBXSourcesBuildPhase;
			buildActionMask = 2147483647;
			files = (
				63D91CFD23BDDF2400F1CDE4 /* FeedCollectionViewCell.swift in Sources */,
				635B19D823E8B63B002C4480 /* FullImageAnimation.swift in Sources */,
				63D91CF123BDDF0B00F1CDE4 /* HomeFeedElement.swift in Sources */,
				63D91CF823BDDF1800F1CDE4 /* FeedViewController.swift in Sources */,
				63D91CE623BDDEEC00F1CDE4 /* String.swift in Sources */,
				63D91CE923BDDEF900F1CDE4 /* FlickrObject.swift in Sources */,
				63D91D0423BF6C3A00F1CDE4 /* CustomError.swift in Sources */,
				63AB443B23C325CA00B20EDD /* UIViewController.swift in Sources */,
				63D91CFA23BDDF1800F1CDE4 /* SearchViewController.swift in Sources */,
				F20EB6521F98925F00AD2D77 /* AppDelegate.swift in Sources */,
				63D91CDC23BDDED100F1CDE4 /* MosaicLayout.swift in Sources */,
				63D91CE323BDDEEC00F1CDE4 /* Date.swift in Sources */,
				63D91CE523BDDEEC00F1CDE4 /* GradientView.swift in Sources */,
				63D91CDE23BDDEDC00F1CDE4 /* Parser.swift in Sources */,
				63D91CEA23BDDEF900F1CDE4 /* ApiManager.swift in Sources */,
				63D91CF923BDDF1800F1CDE4 /* FullImageViewController.swift in Sources */,
				63D91CEF23BDDF0B00F1CDE4 /* HomeFeed.swift in Sources */,
				63BECDB623C51F1D00B4C0B0 /* Operators.swift in Sources */,
				63D91CF723BDDF1800F1CDE4 /* DetailsViewController.swift in Sources */,
				63D91D0623C0B8F700F1CDE4 /* URL.swift in Sources */,
				63D91CF023BDDF0B00F1CDE4 /* SearchFeed.swift in Sources */,
				63ACA35023C1FAA60029372D /* CustomAlert.swift in Sources */,
				63D91CFE23BDDF2400F1CDE4 /* SearchCollectionViewCell.swift in Sources */,
				63D91CF223BDDF0B00F1CDE4 /* SearchElement.swift in Sources */,
			);
			runOnlyForDeploymentPostprocessing = 0;
		};
/* End PBXSourcesBuildPhase section */

/* Begin PBXVariantGroup section */
		F20EB6551F98925F00AD2D77 /* Main.storyboard */ = {
			isa = PBXVariantGroup;
			children = (
				F20EB6561F98925F00AD2D77 /* Base */,
			);
			name = Main.storyboard;
			sourceTree = "<group>";
		};
		F20EB65A1F98925F00AD2D77 /* LaunchScreen.storyboard */ = {
			isa = PBXVariantGroup;
			children = (
				F20EB65B1F98925F00AD2D77 /* Base */,
			);
			name = LaunchScreen.storyboard;
			sourceTree = "<group>";
		};
/* End PBXVariantGroup section */

/* Begin XCBuildConfiguration section */
		F20EB65E1F98925F00AD2D77 /* Debug */ = {
			isa = XCBuildConfiguration;
			buildSettings = {
				ALWAYS_SEARCH_USER_PATHS = NO;
				CLANG_ANALYZER_LOCALIZABILITY_NONLOCALIZED = YES;
				CLANG_ANALYZER_NONNULL = YES;
				CLANG_ANALYZER_NUMBER_OBJECT_CONVERSION = YES_AGGRESSIVE;
				CLANG_CXX_LANGUAGE_STANDARD = "gnu++0x";
				CLANG_CXX_LIBRARY = "libc++";
				CLANG_ENABLE_MODULES = YES;
				CLANG_ENABLE_OBJC_ARC = YES;
				CLANG_WARN_BLOCK_CAPTURE_AUTORELEASING = YES;
				CLANG_WARN_BOOL_CONVERSION = YES;
				CLANG_WARN_COMMA = YES;
				CLANG_WARN_CONSTANT_CONVERSION = YES;
				CLANG_WARN_DEPRECATED_OBJC_IMPLEMENTATIONS = YES;
				CLANG_WARN_DIRECT_OBJC_ISA_USAGE = YES_ERROR;
				CLANG_WARN_DOCUMENTATION_COMMENTS = YES;
				CLANG_WARN_EMPTY_BODY = YES;
				CLANG_WARN_ENUM_CONVERSION = YES;
				CLANG_WARN_INFINITE_RECURSION = YES;
				CLANG_WARN_INT_CONVERSION = YES;
				CLANG_WARN_NON_LITERAL_NULL_CONVERSION = YES;
				CLANG_WARN_OBJC_IMPLICIT_RETAIN_SELF = YES;
				CLANG_WARN_OBJC_LITERAL_CONVERSION = YES;
				CLANG_WARN_OBJC_ROOT_CLASS = YES_ERROR;
				CLANG_WARN_RANGE_LOOP_ANALYSIS = YES;
				CLANG_WARN_STRICT_PROTOTYPES = YES;
				CLANG_WARN_SUSPICIOUS_MOVE = YES;
				CLANG_WARN_UNREACHABLE_CODE = YES;
				CLANG_WARN__DUPLICATE_METHOD_MATCH = YES;
				"CODE_SIGN_IDENTITY[sdk=iphoneos*]" = "iPhone Developer";
				COPY_PHASE_STRIP = NO;
				DEBUG_INFORMATION_FORMAT = dwarf;
				ENABLE_STRICT_OBJC_MSGSEND = YES;
				ENABLE_TESTABILITY = YES;
				GCC_C_LANGUAGE_STANDARD = gnu99;
				GCC_DYNAMIC_NO_PIC = NO;
				GCC_NO_COMMON_BLOCKS = YES;
				GCC_OPTIMIZATION_LEVEL = 0;
				GCC_PREPROCESSOR_DEFINITIONS = (
					"DEBUG=1",
					"$(inherited)",
				);
				GCC_WARN_64_TO_32_BIT_CONVERSION = YES;
				GCC_WARN_ABOUT_RETURN_TYPE = YES_ERROR;
				GCC_WARN_UNDECLARED_SELECTOR = YES;
				GCC_WARN_UNINITIALIZED_AUTOS = YES_AGGRESSIVE;
				GCC_WARN_UNUSED_FUNCTION = YES;
				GCC_WARN_UNUSED_VARIABLE = YES;
				IPHONEOS_DEPLOYMENT_TARGET = 13.0;
				MTL_ENABLE_DEBUG_INFO = YES;
				ONLY_ACTIVE_ARCH = YES;
				SDKROOT = iphoneos;
				SWIFT_ACTIVE_COMPILATION_CONDITIONS = DEBUG;
				SWIFT_OPTIMIZATION_LEVEL = "-Onone";
				SWIFT_VERSION = 5.0;
			};
			name = Debug;
		};
		F20EB65F1F98925F00AD2D77 /* Release */ = {
			isa = XCBuildConfiguration;
			buildSettings = {
				ALWAYS_SEARCH_USER_PATHS = NO;
				CLANG_ANALYZER_LOCALIZABILITY_NONLOCALIZED = YES;
				CLANG_ANALYZER_NONNULL = YES;
				CLANG_ANALYZER_NUMBER_OBJECT_CONVERSION = YES_AGGRESSIVE;
				CLANG_CXX_LANGUAGE_STANDARD = "gnu++0x";
				CLANG_CXX_LIBRARY = "libc++";
				CLANG_ENABLE_MODULES = YES;
				CLANG_ENABLE_OBJC_ARC = YES;
				CLANG_WARN_BLOCK_CAPTURE_AUTORELEASING = YES;
				CLANG_WARN_BOOL_CONVERSION = YES;
				CLANG_WARN_COMMA = YES;
				CLANG_WARN_CONSTANT_CONVERSION = YES;
				CLANG_WARN_DEPRECATED_OBJC_IMPLEMENTATIONS = YES;
				CLANG_WARN_DIRECT_OBJC_ISA_USAGE = YES_ERROR;
				CLANG_WARN_DOCUMENTATION_COMMENTS = YES;
				CLANG_WARN_EMPTY_BODY = YES;
				CLANG_WARN_ENUM_CONVERSION = YES;
				CLANG_WARN_INFINITE_RECURSION = YES;
				CLANG_WARN_INT_CONVERSION = YES;
				CLANG_WARN_NON_LITERAL_NULL_CONVERSION = YES;
				CLANG_WARN_OBJC_IMPLICIT_RETAIN_SELF = YES;
				CLANG_WARN_OBJC_LITERAL_CONVERSION = YES;
				CLANG_WARN_OBJC_ROOT_CLASS = YES_ERROR;
				CLANG_WARN_RANGE_LOOP_ANALYSIS = YES;
				CLANG_WARN_STRICT_PROTOTYPES = YES;
				CLANG_WARN_SUSPICIOUS_MOVE = YES;
				CLANG_WARN_UNREACHABLE_CODE = YES;
				CLANG_WARN__DUPLICATE_METHOD_MATCH = YES;
				"CODE_SIGN_IDENTITY[sdk=iphoneos*]" = "iPhone Developer";
				COPY_PHASE_STRIP = NO;
				DEBUG_INFORMATION_FORMAT = "dwarf-with-dsym";
				ENABLE_NS_ASSERTIONS = NO;
				ENABLE_STRICT_OBJC_MSGSEND = YES;
				GCC_C_LANGUAGE_STANDARD = gnu99;
				GCC_NO_COMMON_BLOCKS = YES;
				GCC_WARN_64_TO_32_BIT_CONVERSION = YES;
				GCC_WARN_ABOUT_RETURN_TYPE = YES_ERROR;
				GCC_WARN_UNDECLARED_SELECTOR = YES;
				GCC_WARN_UNINITIALIZED_AUTOS = YES_AGGRESSIVE;
				GCC_WARN_UNUSED_FUNCTION = YES;
				GCC_WARN_UNUSED_VARIABLE = YES;
				IPHONEOS_DEPLOYMENT_TARGET = 13.0;
				MTL_ENABLE_DEBUG_INFO = NO;
				SDKROOT = iphoneos;
				SWIFT_OPTIMIZATION_LEVEL = "-Owholemodule";
				SWIFT_VERSION = 5.0;
				VALIDATE_PRODUCT = YES;
			};
			name = Release;
		};
		F20EB6611F98925F00AD2D77 /* Debug */ = {
			isa = XCBuildConfiguration;
			buildSettings = {
				ASSETCATALOG_COMPILER_APPICON_NAME = AppIcon;
				DEVELOPMENT_TEAM = A8UX99CMMW;
				INFOPLIST_FILE = Flickr/Info.plist;
				IPHONEOS_DEPLOYMENT_TARGET = 13.2;
				LD_NO_PIE = NO;
				LD_RUNPATH_SEARCH_PATHS = "$(inherited) @executable_path/Frameworks";
				PRODUCT_BUNDLE_IDENTIFIER = com.kautsya.Flickr;
				PRODUCT_NAME = "$(TARGET_NAME)";
				SWIFT_VERSION = 5.0;
			};
			name = Debug;
		};
		F20EB6621F98925F00AD2D77 /* Release */ = {
			isa = XCBuildConfiguration;
			buildSettings = {
				ASSETCATALOG_COMPILER_APPICON_NAME = AppIcon;
				DEVELOPMENT_TEAM = A8UX99CMMW;
				INFOPLIST_FILE = Flickr/Info.plist;
				IPHONEOS_DEPLOYMENT_TARGET = 13.2;
				LD_NO_PIE = NO;
				LD_RUNPATH_SEARCH_PATHS = "$(inherited) @executable_path/Frameworks";
				PRODUCT_BUNDLE_IDENTIFIER = com.kautsya.Flickr;
				PRODUCT_NAME = "$(TARGET_NAME)";
				SWIFT_VERSION = 5.0;
			};
			name = Release;
		};
/* End XCBuildConfiguration section */

/* Begin XCConfigurationList section */
		F20EB6491F98925F00AD2D77 /* Build configuration list for PBXProject "Flickr" */ = {
			isa = XCConfigurationList;
			buildConfigurations = (
				F20EB65E1F98925F00AD2D77 /* Debug */,
				F20EB65F1F98925F00AD2D77 /* Release */,
			);
			defaultConfigurationIsVisible = 0;
			defaultConfigurationName = Release;
		};
		F20EB6601F98925F00AD2D77 /* Build configuration list for PBXNativeTarget "Flickr" */ = {
			isa = XCConfigurationList;
			buildConfigurations = (
				F20EB6611F98925F00AD2D77 /* Debug */,
				F20EB6621F98925F00AD2D77 /* Release */,
			);
			defaultConfigurationIsVisible = 0;
			defaultConfigurationName = Release;
		};
/* End XCConfigurationList section */
	};
	rootObject = F20EB6461F98925F00AD2D77 /* Project object */;
}
